
Microsoft Visual Studio Solution File, Format Version 12.00
# Visual Studio Version 16
VisualStudioVersion = 16.0.29709.97
MinimumVisualStudioVersion = 10.0.40219.1
Project("{FAE04EC0-301F-11D3-BF4B-00C04F79EFBC}") = "UnoSquare_ToysAndGames", "UnoSquare_ToysAndGames\UnoSquare_ToysAndGames.csproj", "{2670872A-C26C-4022-9771-0985C3E01F63}"
EndProject
Global
	GlobalSection(SolutionConfigurationPlatforms) = preSolution
		Debug|Any CPU = Debug|Any CPU
		Release|Any CPU = Release|Any CPU
	EndGlobalSection
	GlobalSection(ProjectConfigurationPlatforms) = postSolution
		{2670872A-C26C-4022-9771-0985C3E01F63}.Debug|Any CPU.ActiveCfg = Debug|Any CPU
		{2670872A-C26C-4022-9771-0985C3E01F63}.Debug|Any CPU.Build.0 = Debug|Any CPU
		{2670872A-C26C-4022-9771-0985C3E01F63}.Release|Any CPU.ActiveCfg = Release|Any CPU
		{2670872A-C26C-4022-9771-0985C3E01F63}.Release|Any CPU.Build.0 = Release|Any CPU
	EndGlobalSection
	GlobalSection(SolutionProperties) = preSolution
		HideSolutionNode = FALSE
	EndGlobalSection
	GlobalSection(ExtensibilityGlobals) = postSolution
		SolutionGuid = {23D31295-C2E1-42B5-9E8F-3CBDF8201BEE}
	EndGlobalSection
EndGlobal
